{
  "name": "awakeTiger",
  "version": "1.0.0",
  "lockfileVersion": 3,
  "requires": true,
  "packages": {
    "": {
      "name": "awakeTiger",
      "version": "1.0.0",
      "license": "ISC",
      "dependencies": {
        "@types/iconv-lite": "^0.0.1",
        "@types/luxon": "^3.3.1",
        "@types/xlsx": "^0.0.36",
        "commander": "^11.0.0",
        "fast-xml-parser": "^4.2.7",
        "iconv-lite": "^0.6.3",
        "nodejs-polars": "^0.8.1"
      },
      "devDependencies": {
        "@types/commander": "^2.12.2",
        "@types/node": "^20.5.0",
        "typescript": "^5.1.6"
      }
    },
    "node_modules/@types/commander": {
      "version": "2.12.2",
      "resolved": "https://registry.npmjs.org/@types/commander/-/commander-2.12.2.tgz",
      "integrity": "sha512-0QEFiR8ljcHp9bAbWxecjVRuAMr16ivPiGOw6KFQBVrVd0RQIcM3xKdRisH2EDWgVWujiYtHwhSkSUoAAGzH7Q==",
      "deprecated": "This is a stub types definition for commander (https://github.com/tj/commander.js). commander provides its own type definitions, so you don't need @types/commander installed!",
      "dev": true,
      "dependencies": {
        "commander": "*"
      }
    },
    "node_modules/@types/iconv-lite": {
      "version": "0.0.1",
      "resolved": "https://registry.npmjs.org/@types/iconv-lite/-/iconv-lite-0.0.1.tgz",
      "integrity": "sha512-SsRBQxGw7/2/NxYJfBdiUx5a7Ms/voaUhOO9u2y9FTeTNBO1PXohzE4i3JfD8q2Te42HLTn5pyZtDf8j1bPKgQ==",
      "deprecated": "This is a stub types definition for iconv-lite (https://github.com/ashtuchkin/iconv-lite). iconv-lite provides its own type definitions, so you don\\'t need @types/iconv-lite installed!",
      "dependencies": {
        "@types/node": "*"
      }
    },
    "node_modules/@types/luxon": {
      "version": "3.3.1",
      "resolved": "https://registry.npmjs.org/@types/luxon/-/luxon-3.3.1.tgz",
      "integrity": "sha512-XOS5nBcgEeP2PpcqJHjCWhUCAzGfXIU8ILOSLpx2FhxqMW9KdxgCGXNOEKGVBfveKtIpztHzKK5vSRVLyW/NqA=="
    },
    "node_modules/@types/node": {
      "version": "20.5.0",
      "resolved": "https://registry.npmjs.org/@types/node/-/node-20.5.0.tgz",
      "integrity": "sha512-Mgq7eCtoTjT89FqNoTzzXg2XvCi5VMhRV6+I2aYanc6kQCBImeNaAYRs/DyoVqk1YEUJK5gN9VO7HRIdz4Wo3Q=="
    },
    "node_modules/@types/xlsx": {
      "version": "0.0.36",
      "resolved": "https://registry.npmjs.org/@types/xlsx/-/xlsx-0.0.36.tgz",
      "integrity": "sha512-mvfrKiKKMErQzLMF8ElYEH21qxWCZtN59pHhWGmWCWFJStYdMWjkDSAy6mGowFxHXaXZWe5/TW7pBUiWclIVOw==",
      "deprecated": "This is a stub types definition for xlsx (https://github.com/sheetjs/js-xlsx). xlsx provides its own type definitions, so you don't need @types/xlsx installed!",
      "dependencies": {
        "xlsx": "*"
      }
    },
    "node_modules/commander": {
      "version": "11.0.0",
      "resolved": "https://registry.npmjs.org/commander/-/commander-11.0.0.tgz",
      "integrity": "sha512-9HMlXtt/BNoYr8ooyjjNRdIilOTkVJXB+GhxMTtOKwk0R4j4lS4NpjuqmRxroBfnfTSHQIHQB7wryHhXarNjmQ==",
      "engines": {
        "node": ">=16"
      }
    },
    "node_modules/fast-xml-parser": {
      "version": "4.2.7",
      "resolved": "https://registry.npmjs.org/fast-xml-parser/-/fast-xml-parser-4.2.7.tgz",
      "integrity": "sha512-J8r6BriSLO1uj2miOk1NW0YVm8AGOOu3Si2HQp/cSmo6EA4m3fcwu2WKjJ4RK9wMLBtg69y1kS8baDiQBR41Ig==",
      "funding": [
        {
          "type": "paypal",
          "url": "https://paypal.me/naturalintelligence"
        },
        {
          "type": "github",
          "url": "https://github.com/sponsors/NaturalIntelligence"
        }
      ],
      "dependencies": {
        "strnum": "^1.0.5"
      },
      "bin": {
        "fxparser": "src/cli/cli.js"
      }
    },
    "node_modules/iconv-lite": {
      "version": "0.6.3",
      "resolved": "https://registry.npmjs.org/iconv-lite/-/iconv-lite-0.6.3.tgz",
      "integrity": "sha512-4fCk79wshMdzMp2rH06qWrJE4iolqLhCUH+OiuIgU++RB0+94NlDL81atO7GX55uUKueo0txHNtvEyI6D7WdMw==",
      "dependencies": {
        "safer-buffer": ">= 2.1.2 < 3.0.0"
      },
      "engines": {
        "node": ">=0.10.0"
      }
    },
    "node_modules/nodejs-polars": {
      "version": "0.8.1",
      "resolved": "https://registry.npmjs.org/nodejs-polars/-/nodejs-polars-0.8.1.tgz",
      "integrity": "sha512-nHCDGHKmNI2xe2M1pD96caXsFEs+R/JkEQwpNIGDlOD58D1JOs0DhHgxY1d3xDw/4ixtOv8ZlLGkWEBuj8UvrQ==",
      "engines": {
        "node": ">= 16"
      },
      "optionalDependencies": {
        "nodejs-polars-android-arm64": "0.8.1",
        "nodejs-polars-darwin-arm64": "0.8.1",
        "nodejs-polars-darwin-x64": "0.8.1",
        "nodejs-polars-linux-arm64-gnu": "0.8.1",
        "nodejs-polars-linux-arm64-musl": "0.8.1",
        "nodejs-polars-linux-x64-gnu": "0.8.1",
        "nodejs-polars-linux-x64-musl": "0.8.1",
        "nodejs-polars-win32-ia32-msvc": "0.8.1",
        "nodejs-polars-win32-x64-msvc": "0.8.1"
      }
    },
    "node_modules/nodejs-polars-android-arm64": {
      "version": "0.8.1",
      "resolved": "https://registry.npmjs.org/nodejs-polars-android-arm64/-/nodejs-polars-android-arm64-0.8.1.tgz",
      "integrity": "sha512-Ey2P/g1hPbVKPSBamNTZQHsnqjMKRNxrbN1qTwEI58V9Q1+9NBd3fT0/ekBsDL5d+SZoI3QXG/08vD1khKQNAA==",
      "cpu": [
        "arm64"
      ],
      "optional": true,
      "os": [
        "android"
      ],
      "engines": {
        "node": ">= 16"
      }
    },
    "node_modules/nodejs-polars-darwin-arm64": {
      "version": "0.8.1",
      "resolved": "https://registry.npmjs.org/nodejs-polars-darwin-arm64/-/nodejs-polars-darwin-arm64-0.8.1.tgz",
      "integrity": "sha512-xJMRPSoQ+hzgtYDNaE0TtHhx73GukMehyPOz+qlbETOco1ibGNw4K3bDzgVvLqNsXKdE7yCOOBmgCwEMRhq1Yw==",
      "cpu": [
        "arm64"
      ],
      "optional": true,
      "os": [
        "darwin"
      ],
      "engines": {
        "node": ">= 16"
      }
    },
    "node_modules/nodejs-polars-darwin-x64": {
      "version": "0.8.1",
      "resolved": "https://registry.npmjs.org/nodejs-polars-darwin-x64/-/nodejs-polars-darwin-x64-0.8.1.tgz",
      "integrity": "sha512-r/rngCTM2lmVJh+g1VfHjOADVsbuu2qi2UMM9NavX80sRULF23Wq2p5FKPE8mw9cV0BnfG2CldUk3S6/XvcV9A==",
      "cpu": [
        "x64"
      ],
      "optional": true,
      "os": [
        "darwin"
      ],
      "engines": {
        "node": ">= 16"
      }
    },
    "node_modules/nodejs-polars-linux-arm64-gnu": {
      "version": "0.8.1",
      "resolved": "https://registry.npmjs.org/nodejs-polars-linux-arm64-gnu/-/nodejs-polars-linux-arm64-gnu-0.8.1.tgz",
      "integrity": "sha512-gBqebXa58YkvsljC6UXEd+BRf4N9ZMv9nwMEoE6gOVa7h346ZwaQV6xbOjhe5IBxqSSfsqGUmavlC9w/o8n5QA==",
      "cpu": [
        "arm64"
      ],
      "optional": true,
      "os": [
        "linux"
      ],
      "engines": {
        "node": ">= 16"
      }
    },
    "node_modules/nodejs-polars-linux-arm64-musl": {
      "version": "0.8.1",
      "resolved": "https://registry.npmjs.org/nodejs-polars-linux-arm64-musl/-/nodejs-polars-linux-arm64-musl-0.8.1.tgz",
      "integrity": "sha512-Qb2kUv7sa1KyKRXEWHQQu7xkYik6hZb2LKCxSDeLFU3Lbu8BWMXJSA9yzwrKNlYfCIML9WXsh2nrzul/d8HvKQ==",
      "cpu": [
        "arm64"
      ],
      "optional": true,
      "os": [
        "linux"
      ],
      "engines": {
        "node": ">= 16"
      }
    },
    "node_modules/nodejs-polars-linux-x64-gnu": {
      "version": "0.8.1",
      "resolved": "https://registry.npmjs.org/nodejs-polars-linux-x64-gnu/-/nodejs-polars-linux-x64-gnu-0.8.1.tgz",
      "integrity": "sha512-6svWKJqtsDuTTuhPOaqSpCqaLsJfGO6CsPJKLC9/Pis6D+AAeJAg9pZGmw99j8lEHs/UnewVQWx7mx7baq4MLw==",
      "cpu": [
        "x64"
      ],
      "optional": true,
      "os": [
        "linux"
      ],
      "engines": {
        "node": ">= 16"
      }
    },
    "node_modules/nodejs-polars-linux-x64-musl": {
      "version": "0.8.1",
      "resolved": "https://registry.npmjs.org/nodejs-polars-linux-x64-musl/-/nodejs-polars-linux-x64-musl-0.8.1.tgz",
      "integrity": "sha512-vt/GBuZEtoOSJcg/tOsGCqbM9veEzk00Borw9XISCvZgYIzyH3YGbDADHNs6HflSgr67F/VhECRew8pbzv2rVQ==",
      "cpu": [
        "x64"
      ],
      "optional": true,
      "os": [
        "linux"
      ],
      "engines": {
        "node": ">= 16"
      }
    },
    "node_modules/nodejs-polars-win32-ia32-msvc": {
      "version": "0.8.1",
      "resolved": "https://registry.npmjs.org/nodejs-polars-win32-ia32-msvc/-/nodejs-polars-win32-ia32-msvc-0.8.1.tgz",
      "integrity": "sha512-tl6v2h2XqsVsTm0Cr1wSowkjQ7HDlpMozrMgKdYR9wmJv7O1pEWRMjrhnSb0WpkRh1B3poJJ+YOoNtB/gR7QCQ==",
      "cpu": [
        "ia32"
      ],
      "optional": true,
      "os": [
        "win32"
      ],
      "engines": {
        "node": ">= 16"
      }
    },
    "node_modules/nodejs-polars-win32-x64-msvc": {
      "version": "0.8.1",
      "resolved": "https://registry.npmjs.org/nodejs-polars-win32-x64-msvc/-/nodejs-polars-win32-x64-msvc-0.8.1.tgz",
      "integrity": "sha512-phpTX2nu/mWICZkXzj8cXK/T4f2BzcCrDwYQL67L32a76FqZ9rY9mI/h/LQwTnQnX3+i2p/tHntgwJecyKFFlA==",
      "cpu": [
        "x64"
      ],
      "optional": true,
      "os": [
        "win32"
      ],
      "engines": {
        "node": ">= 16"
      }
    },
    "node_modules/safer-buffer": {
      "version": "2.1.2",
      "resolved": "https://registry.npmjs.org/safer-buffer/-/safer-buffer-2.1.2.tgz",
      "integrity": "sha512-YZo3K82SD7Riyi0E1EQPojLz7kpepnSQI9IyPbHHg1XXXevb5dJI7tpyN2ADxGcQbHG7vcyRHk0cbwqcQriUtg=="
    },
    "node_modules/strnum": {
      "version": "1.0.5",
      "resolved": "https://registry.npmjs.org/strnum/-/strnum-1.0.5.tgz",
      "integrity": "sha512-J8bbNyKKXl5qYcR36TIO8W3mVGVHrmmxsd5PAItGkmyzwJvybiw2IVq5nqd0i4LSNSkB/sx9VHllbfFdr9k1JA=="
    },
    "node_modules/typescript": {
      "version": "5.1.6",
      "resolved": "https://registry.npmjs.org/typescript/-/typescript-5.1.6.tgz",
      "integrity": "sha512-zaWCozRZ6DLEWAWFrVDz1H6FVXzUSfTy5FUMWsQlU8Ym5JP9eO4xkTIROFCQvhQf61z6O/G6ugw3SgAnvvm+HA==",
      "dev": true,
      "bin": {
        "tsc": "bin/tsc",
        "tsserver": "bin/tsserver"
      },
      "engines": {
        "node": ">=14.17"
      }
    },
    "node_modules/xlsx": {
      "version": "0.20.0",
      "resolved": "https://cdn.sheetjs.com/xlsx-0.20.0/xlsx-0.20.0.tgz",
      "integrity": "sha512-adg5edVTkXXGTnb0iWrc3Z47ViGgwmD47yx6VfSCZhfdKPtHcElYGs48OtcO4nwOu90Pjz5mmyl0HLcvbSRYTQ==",
      "license": "Apache-2.0",
      "bin": {
        "xlsx": "bin/xlsx.njs"
      },
      "engines": {
        "node": ">=0.8"
      }
    }
  }
}
